
Microsoft Visual Studio Solution File, Format Version 12.00
# Visual Studio Version 17
VisualStudioVersion = 17.6.33829.357
MinimumVisualStudioVersion = 10.0.40219.1
Project("{FAE04EC0-301F-11D3-BF4B-00C04F79EFBC}") = "LAB_ASSIGNMENT_3", "LAB_ASSIGNMENT_3.csproj", "{1362DE4C-C42B-41AC-BD4C-AEB345ED83E7}"
EndProject
Global
	GlobalSection(SolutionConfigurationPlatforms) = preSolution
		Debug|Any CPU = Debug|Any CPU
		Release|Any CPU = Release|Any CPU
	EndGlobalSection
	GlobalSection(ProjectConfigurationPlatforms) = postSolution
		{1362DE4C-C42B-41AC-BD4C-AEB345ED83E7}.Debug|Any CPU.ActiveCfg = Debug|Any CPU
		{1362DE4C-C42B-41AC-BD4C-AEB345ED83E7}.Debug|Any CPU.Build.0 = Debug|Any CPU
		{1362DE4C-C42B-41AC-BD4C-AEB345ED83E7}.Release|Any CPU.ActiveCfg = Release|Any CPU
		{1362DE4C-C42B-41AC-BD4C-AEB345ED83E7}.Release|Any CPU.Build.0 = Release|Any CPU
	EndGlobalSection
	GlobalSection(SolutionProperties) = preSolution
		HideSolutionNode = FALSE
	EndGlobalSection
	GlobalSection(ExtensibilityGlobals) = postSolution
		SolutionGuid = {A8AE95CD-9026-49AE-8DD8-B45B08EF8275}
	EndGlobalSection
EndGlobal
